{
  "name": "kubernetes-client",
  "lockfileVersion": 2,
  "requires": true,
  "packages": {
    "": {
      "name": "kubernetes-client",
      "workspaces": [
        "generated-client",
        "kubeconfig",
        "kubernetes-client-fetch"
      ]
    },
    "generated-client": {
      "name": "kubernetes-client-typescript-fetch",
      "version": "1.24.0",
      "devDependencies": {
        "typescript": "^3.9.5"
      }
    },
    "kubeconfig": {
      "name": "@arve0/kubeconfig",
      "version": "0.0.1",
      "license": "Apache-2.0",
      "dependencies": {
        "yaml": "^2.1.1"
      },
      "devDependencies": {
        "@types/node": "^17.0.38",
        "esbuild": "^0.14.42",
        "esbuild-register": "^3.3.2"
      }
    },
    "kubernetes-client-fetch": {
      "version": "1.24.0",
      "license": "Apache-2.0",
      "devDependencies": {
        "@types/node": "^17.0.38",
        "esbuild-register": "^3.3.2",
        "node-fetch": "^2.6.7"
      }
    },
    "kubernetes-client-fetch/node_modules/node-fetch": {
      "version": "2.6.7",
      "dev": true,
      "license": "MIT",
      "dependencies": {
        "whatwg-url": "^5.0.0"
      },
      "engines": {
        "node": "4.x || >=6.0.0"
      },
      "peerDependencies": {
        "encoding": "^0.1.0"
      },
      "peerDependenciesMeta": {
        "encoding": {
          "optional": true
        }
      }
    },
    "node_modules/@arve0/kubeconfig": {
      "resolved": "kubeconfig",
      "link": true
    },
    "node_modules/@types/node": {
      "version": "17.0.38",
      "dev": true,
      "license": "MIT"
    },
    "node_modules/esbuild": {
      "version": "0.14.42",
      "dev": true,
      "hasInstallScript": true,
      "license": "MIT",
      "bin": {
        "esbuild": "bin/esbuild"
      },
      "engines": {
        "node": ">=12"
      },
      "optionalDependencies": {
        "esbuild-android-64": "0.14.42",
        "esbuild-android-arm64": "0.14.42",
        "esbuild-darwin-64": "0.14.42",
        "esbuild-darwin-arm64": "0.14.42",
        "esbuild-freebsd-64": "0.14.42",
        "esbuild-freebsd-arm64": "0.14.42",
        "esbuild-linux-32": "0.14.42",
        "esbuild-linux-64": "0.14.42",
        "esbuild-linux-arm": "0.14.42",
        "esbuild-linux-arm64": "0.14.42",
        "esbuild-linux-mips64le": "0.14.42",
        "esbuild-linux-ppc64le": "0.14.42",
        "esbuild-linux-riscv64": "0.14.42",
        "esbuild-linux-s390x": "0.14.42",
        "esbuild-netbsd-64": "0.14.42",
        "esbuild-openbsd-64": "0.14.42",
        "esbuild-sunos-64": "0.14.42",
        "esbuild-windows-32": "0.14.42",
        "esbuild-windows-64": "0.14.42",
        "esbuild-windows-arm64": "0.14.42"
      }
    },
    "node_modules/esbuild-darwin-64": {
      "version": "0.14.42",
      "cpu": [
        "x64"
      ],
      "dev": true,
      "license": "MIT",
      "optional": true,
      "os": [
        "darwin"
      ],
      "peer": true,
      "engines": {
        "node": ">=12"
      }
    },
    "node_modules/esbuild-register": {
      "version": "3.3.2",
      "dev": true,
      "license": "MIT",
      "peerDependencies": {
        "esbuild": ">=0.12 <1"
      }
    },
    "node_modules/kubernetes-client-fetch": {
      "resolved": "kubernetes-client-fetch",
      "link": true
    },
    "node_modules/kubernetes-client-typescript-fetch": {
      "resolved": "generated-client",
      "link": true
    },
    "node_modules/tr46": {
      "version": "0.0.3",
      "dev": true,
      "license": "MIT"
    },
    "node_modules/typescript": {
      "version": "3.9.10",
      "dev": true,
      "license": "Apache-2.0",
      "bin": {
        "tsc": "bin/tsc",
        "tsserver": "bin/tsserver"
      },
      "engines": {
        "node": ">=4.2.0"
      }
    },
    "node_modules/webidl-conversions": {
      "version": "3.0.1",
      "dev": true,
      "license": "BSD-2-Clause"
    },
    "node_modules/whatwg-url": {
      "version": "5.0.0",
      "dev": true,
      "license": "MIT",
      "dependencies": {
        "tr46": "~0.0.3",
        "webidl-conversions": "^3.0.0"
      }
    },
    "node_modules/yaml": {
      "version": "2.1.1",
      "license": "ISC",
      "engines": {
        "node": ">= 14"
      }
    }
  },
  "dependencies": {
    "@arve0/kubeconfig": {
      "version": "file:kubeconfig",
      "requires": {
        "@types/node": "^17.0.38",
        "esbuild": "^0.14.42",
        "esbuild-register": "^3.3.2",
        "yaml": "^2.1.1"
      }
    },
    "@types/node": {
      "version": "17.0.38",
      "dev": true
    },
    "esbuild": {
      "version": "0.14.42",
      "dev": true,
      "requires": {
        "esbuild-android-64": "0.14.42",
        "esbuild-android-arm64": "0.14.42",
        "esbuild-darwin-64": "0.14.42",
        "esbuild-darwin-arm64": "0.14.42",
        "esbuild-freebsd-64": "0.14.42",
        "esbuild-freebsd-arm64": "0.14.42",
        "esbuild-linux-32": "0.14.42",
        "esbuild-linux-64": "0.14.42",
        "esbuild-linux-arm": "0.14.42",
        "esbuild-linux-arm64": "0.14.42",
        "esbuild-linux-mips64le": "0.14.42",
        "esbuild-linux-ppc64le": "0.14.42",
        "esbuild-linux-riscv64": "0.14.42",
        "esbuild-linux-s390x": "0.14.42",
        "esbuild-netbsd-64": "0.14.42",
        "esbuild-openbsd-64": "0.14.42",
        "esbuild-sunos-64": "0.14.42",
        "esbuild-windows-32": "0.14.42",
        "esbuild-windows-64": "0.14.42",
        "esbuild-windows-arm64": "0.14.42"
      }
    },
    "esbuild-darwin-64": {
      "version": "0.14.42",
      "dev": true,
      "optional": true,
      "peer": true
    },
    "esbuild-register": {
      "version": "3.3.2",
      "dev": true,
      "requires": {}
    },
    "kubernetes-client-fetch": {
      "version": "file:kubernetes-client-fetch",
      "requires": {
        "@types/node": "^17.0.38",
        "esbuild-register": "^3.3.2",
        "node-fetch": "^2.6.7"
      },
      "dependencies": {
        "node-fetch": {
          "version": "2.6.7",
          "dev": true,
          "requires": {
            "whatwg-url": "^5.0.0"
          }
        }
      }
    },
    "kubernetes-client-typescript-fetch": {
      "version": "file:generated-client",
      "requires": {
        "typescript": "^3.9.5"
      }
    },
    "tr46": {
      "version": "0.0.3",
      "dev": true
    },
    "typescript": {
      "version": "3.9.10",
      "dev": true
    },
    "webidl-conversions": {
      "version": "3.0.1",
      "dev": true
    },
    "whatwg-url": {
      "version": "5.0.0",
      "dev": true,
      "requires": {
        "tr46": "~0.0.3",
        "webidl-conversions": "^3.0.0"
      }
    },
    "yaml": {
      "version": "2.1.1"
    }
  }
}
